
Microsoft Visual Studio Solution File, Format Version 12.00
# Visual Studio Version 17
VisualStudioVersion = 17.1.32210.238
MinimumVisualStudioVersion = 10.0.40219.1
Project("{9A19103F-16F7-4668-BE54-9A1E7A4F7556}") = "PaymentMethodAutoInstantiator", "AutoInstantiatorV2\PaymentMethodAutoInstantiator.csproj", "{DB54F73D-374E-4CFC-B948-C6C555003F12}"
EndProject
Global
	GlobalSection(SolutionConfigurationPlatforms) = preSolution
		Debug|Any CPU = Debug|Any CPU
		Release|Any CPU = Release|Any CPU
	EndGlobalSection
	GlobalSection(ProjectConfigurationPlatforms) = postSolution
		{DB54F73D-374E-4CFC-B948-C6C555003F12}.Debug|Any CPU.ActiveCfg = Debug|Any CPU
		{DB54F73D-374E-4CFC-B948-C6C555003F12}.Debug|Any CPU.Build.0 = Debug|Any CPU
		{DB54F73D-374E-4CFC-B948-C6C555003F12}.Release|Any CPU.ActiveCfg = Release|Any CPU
		{DB54F73D-374E-4CFC-B948-C6C555003F12}.Release|Any CPU.Build.0 = Release|Any CPU
	EndGlobalSection
	GlobalSection(SolutionProperties) = preSolution
		HideSolutionNode = FALSE
	EndGlobalSection
	GlobalSection(ExtensibilityGlobals) = postSolution
		SolutionGuid = {263346FC-DF92-4E3E-B66D-A6047EC295D7}
	EndGlobalSection
EndGlobal
